
Microsoft Visual Studio Solution File, Format Version 12.00
# Visual Studio Version 17
VisualStudioVersion = 17.5.002.0
MinimumVisualStudioVersion = 10.0.40219.1
Project("{2150E333-8FDC-42A3-9474-1A3956D46DE8}") = "apps", "apps", "{37EBE21C-F4E2-47E1-B85E-D1257885D12D}"
EndProject
Project("{9A19103F-16F7-4668-BE54-9A1E7A4F7556}") = "dotnet", "apps\dotnet\dotnet.csproj", "{8BBA15CB-5D08-43AE-AB3E-8274EDC9410B}"
EndProject
Global
	GlobalSection(SolutionConfigurationPlatforms) = preSolution
		Debug|Any CPU = Debug|Any CPU
		Release|Any CPU = Release|Any CPU
	EndGlobalSection
	GlobalSection(ProjectConfigurationPlatforms) = postSolution
		{8BBA15CB-5D08-43AE-AB3E-8274EDC9410B}.Debug|Any CPU.ActiveCfg = Debug|Any CPU
		{8BBA15CB-5D08-43AE-AB3E-8274EDC9410B}.Debug|Any CPU.Build.0 = Debug|Any CPU
		{8BBA15CB-5D08-43AE-AB3E-8274EDC9410B}.Release|Any CPU.ActiveCfg = Release|Any CPU
		{8BBA15CB-5D08-43AE-AB3E-8274EDC9410B}.Release|Any CPU.Build.0 = Release|Any CPU
	EndGlobalSection
	GlobalSection(SolutionProperties) = preSolution
		HideSolutionNode = FALSE
	EndGlobalSection
	GlobalSection(NestedProjects) = preSolution
		{8BBA15CB-5D08-43AE-AB3E-8274EDC9410B} = {37EBE21C-F4E2-47E1-B85E-D1257885D12D}
	EndGlobalSection
	GlobalSection(ExtensibilityGlobals) = postSolution
		SolutionGuid = {93E439BF-C961-42C1-8D50-33BC624C3FFF}
	EndGlobalSection
EndGlobal
